// !$*UTF8*$!
{
	archiveVersion = 1;
	classes = {
	};
	objectVersion = 56;
	objects = {

/* Begin PBXBuildFile section */
		F8D175A3296C86B800103E3B /* AppDelegate.swift in Sources */ = {isa = PBXBuildFile; fileRef = F8D175A2296C86B800103E3B /* AppDelegate.swift */; };
		F8D175A5296C86B800103E3B /* SceneDelegate.swift in Sources */ = {isa = PBXBuildFile; fileRef = F8D175A4296C86B800103E3B /* SceneDelegate.swift */; };
		F8D175A7296C86B800103E3B /* ViewController.swift in Sources */ = {isa = PBXBuildFile; fileRef = F8D175A6296C86B800103E3B /* ViewController.swift */; };
		F8D175AA296C86B800103E3B /* Main.storyboard in Resources */ = {isa = PBXBuildFile; fileRef = F8D175A8296C86B800103E3B /* Main.storyboard */; };
		F8D175AC296C86B800103E3B /* Assets.xcassets in Resources */ = {isa = PBXBuildFile; fileRef = F8D175AB296C86B800103E3B /* Assets.xcassets */; };
		F8D175AF296C86B800103E3B /* LaunchScreen.storyboard in Resources */ = {isa = PBXBuildFile; fileRef = F8D175AD296C86B800103E3B /* LaunchScreen.storyboard */; };
		F8D175BA296C86B800103E3B /* FirstIOSTests.swift in Sources */ = {isa = PBXBuildFile; fileRef = F8D175B9296C86B800103E3B /* FirstIOSTests.swift */; };
		F8D175C4296C86B800103E3B /* FirstIOSUITests.swift in Sources */ = {isa = PBXBuildFile; fileRef = F8D175C3296C86B800103E3B /* FirstIOSUITests.swift */; };
		F8D175C6296C86B800103E3B /* FirstIOSUITestsLaunchTests.swift in Sources */ = {isa = PBXBuildFile; fileRef = F8D175C5296C86B800103E3B /* FirstIOSUITestsLaunchTests.swift */; };
/* End PBXBuildFile section */

/* Begin PBXContainerItemProxy section */
		F8D175B6296C86B800103E3B /* PBXContainerItemProxy */ = {
			isa = PBXContainerItemProxy;
			containerPortal = F8D17597296C86B800103E3B /* Project object */;
			proxyType = 1;
			remoteGlobalIDString = F8D1759E296C86B800103E3B;
			remoteInfo = FirstIOS;
		};
		F8D175C0296C86B800103E3B /* PBXContainerItemProxy */ = {
			isa = PBXContainerItemProxy;
			containerPortal = F8D17597296C86B800103E3B /* Project object */;
			proxyType = 1;
			remoteGlobalIDString = F8D1759E296C86B800103E3B;
			remoteInfo = FirstIOS;
		};
/* End PBXContainerItemProxy section */

/* Begin PBXFileReference section */
		F8D1759F296C86B800103E3B /* FirstIOS.app */ = {isa = PBXFileReference; explicitFileType = wrapper.application; includeInIndex = 0; path = FirstIOS.app; sourceTree = BUILT_PRODUCTS_DIR; };
		F8D175A2296C86B800103E3B /* AppDelegate.swift */ = {isa = PBXFileReference; lastKnownFileType = sourcecode.swift; path = AppDelegate.swift; sourceTree = "<group>"; };
		F8D175A4296C86B800103E3B /* SceneDelegate.swift */ = {isa = PBXFileReference; lastKnownFileType = sourcecode.swift; path = SceneDelegate.swift; sourceTree = "<group>"; };
		F8D175A6296C86B800103E3B /* ViewController.swift */ = {isa = PBXFileReference; lastKnownFileType = sourcecode.swift; path = ViewController.swift; sourceTree = "<group>"; };
		F8D175A9296C86B800103E3B /* Base */ = {isa = PBXFileReference; lastKnownFileType = file.storyboard; name = Base; path = Base.lproj/Main.storyboard; sourceTree = "<group>"; };
		F8D175AB296C86B800103E3B /* Assets.xcassets */ = {isa = PBXFileReference; lastKnownFileType = folder.assetcatalog; path = Assets.xcassets; sourceTree = "<group>"; };
		F8D175AE296C86B800103E3B /* Base */ = {isa = PBXFileReference; lastKnownFileType = file.storyboard; name = Base; path = Base.lproj/LaunchScreen.storyboard; sourceTree = "<group>"; };
		F8D175B0296C86B800103E3B /* Info.plist */ = {isa = PBXFileReference; lastKnownFileType = text.plist.xml; path = Info.plist; sourceTree = "<group>"; };
		F8D175B5296C86B800103E3B /* FirstIOSTests.xctest */ = {isa = PBXFileReference; explicitFileType = wrapper.cfbundle; includeInIndex = 0; path = FirstIOSTests.xctest; sourceTree = BUILT_PRODUCTS_DIR; };
		F8D175B9296C86B800103E3B /* FirstIOSTests.swift */ = {isa = PBXFileReference; lastKnownFileType = sourcecode.swift; path = FirstIOSTests.swift; sourceTree = "<group>"; };
		F8D175BF296C86B800103E3B /* FirstIOSUITests.xctest */ = {isa = PBXFileReference; explicitFileType = wrapper.cfbundle; includeInIndex = 0; path = FirstIOSUITests.xctest; sourceTree = BUILT_PRODUCTS_DIR; };
		F8D175C3296C86B800103E3B /* FirstIOSUITests.swift */ = {isa = PBXFileReference; lastKnownFileType = sourcecode.swift; path = FirstIOSUITests.swift; sourceTree = "<group>"; };
		F8D175C5296C86B800103E3B /* FirstIOSUITestsLaunchTests.swift */ = {isa = PBXFileReference; lastKnownFileType = sourcecode.swift; path = FirstIOSUITestsLaunchTests.swift; sourceTree = "<group>"; };
/* End PBXFileReference section */

/* Begin PBXFrameworksBuildPhase section */
		F8D1759C296C86B800103E3B /* Frameworks */ = {
			isa = PBXFrameworksBuildPhase;
			buildActionMask = 2147483647;
			files = (
			);
			runOnlyForDeploymentPostprocessing = 0;
		};
		F8D175B2296C86B800103E3B /* Frameworks */ = {
			isa = PBXFrameworksBuildPhase;
			buildActionMask = 2147483647;
			files = (
			);
			runOnlyForDeploymentPostprocessing = 0;
		};
		F8D175BC296C86B800103E3B /* Frameworks */ = {
			isa = PBXFrameworksBuildPhase;
			buildActionMask = 2147483647;
			files = (
			);
			runOnlyForDeploymentPostprocessing = 0;
		};
/* End PBXFrameworksBuildPhase section */

/* Begin PBXGroup section */
		F8D17596296C86B800103E3B = {
			isa = PBXGroup;
			children = (
				F8D175A1296C86B800103E3B /* FirstIOS */,
				F8D175B8296C86B800103E3B /* FirstIOSTests */,
				F8D175C2296C86B800103E3B /* FirstIOSUITests */,
				F8D175A0296C86B800103E3B /* Products */,
			);
			sourceTree = "<group>";
		};
		F8D175A0296C86B800103E3B /* Products */ = {
			isa = PBXGroup;
			children = (
				F8D1759F296C86B800103E3B /* FirstIOS.app */,
				F8D175B5296C86B800103E3B /* FirstIOSTests.xctest */,
				F8D175BF296C86B800103E3B /* FirstIOSUITests.xctest */,
			);
			name = Products;
			sourceTree = "<group>";
		};
		F8D175A1296C86B800103E3B /* FirstIOS */ = {
			isa = PBXGroup;
			children = (
				F8D175A2296C86B800103E3B /* AppDelegate.swift */,
				F8D175A4296C86B800103E3B /* SceneDelegate.swift */,
				F8D175A6296C86B800103E3B /* ViewController.swift */,
				F8D175A8296C86B800103E3B /* Main.storyboard */,
				F8D175AB296C86B800103E3B /* Assets.xcassets */,
				F8D175AD296C86B800103E3B /* LaunchScreen.storyboard */,
				F8D175B0296C86B800103E3B /* Info.plist */,
			);
			path = FirstIOS;
			sourceTree = "<group>";
		};
		F8D175B8296C86B800103E3B /* FirstIOSTests */ = {
			isa = PBXGroup;
			children = (
				F8D175B9296C86B800103E3B /* FirstIOSTests.swift */,
			);
			path = FirstIOSTests;
			sourceTree = "<group>";
		};
		F8D175C2296C86B800103E3B /* FirstIOSUITests */ = {
			isa = PBXGroup;
			children = (
				F8D175C3296C86B800103E3B /* FirstIOSUITests.swift */,
				F8D175C5296C86B800103E3B /* FirstIOSUITestsLaunchTests.swift */,
			);
			path = FirstIOSUITests;
			sourceTree = "<group>";
		};
/* End PBXGroup section */

/* Begin PBXNativeTarget section */
		F8D1759E296C86B800103E3B /* FirstIOS */ = {
			isa = PBXNativeTarget;
			buildConfigurationList = F8D175C9296C86B800103E3B /* Build configuration list for PBXNativeTarget "FirstIOS" */;
			buildPhases = (
				F8D1759B296C86B800103E3B /* Sources */,
				F8D1759C296C86B800103E3B /* Frameworks */,
				F8D1759D296C86B800103E3B /* Resources */,
			);
			buildRules = (
			);
			dependencies = (
			);
			name = FirstIOS;
			productName = FirstIOS;
			productReference = F8D1759F296C86B800103E3B /* FirstIOS.app */;
			productType = "com.apple.product-type.application";
		};
		F8D175B4296C86B800103E3B /* FirstIOSTests */ = {
			isa = PBXNativeTarget;
			buildConfigurationList = F8D175CC296C86B800103E3B /* Build configuration list for PBXNativeTarget "FirstIOSTests" */;
			buildPhases = (
				F8D175B1296C86B800103E3B /* Sources */,
				F8D175B2296C86B800103E3B /* Frameworks */,
				F8D175B3296C86B800103E3B /* Resources */,
			);
			buildRules = (
			);
			dependencies = (
				F8D175B7296C86B800103E3B /* PBXTargetDependency */,
			);
			name = FirstIOSTests;
			productName = FirstIOSTests;
			productReference = F8D175B5296C86B800103E3B /* FirstIOSTests.xctest */;
			productType = "com.apple.product-type.bundle.unit-test";
		};
		F8D175BE296C86B800103E3B /* FirstIOSUITests */ = {
			isa = PBXNativeTarget;
			buildConfigurationList = F8D175CF296C86B800103E3B /* Build configuration list for PBXNativeTarget "FirstIOSUITests" */;
			buildPhases = (
				F8D175BB296C86B800103E3B /* Sources */,
				F8D175BC296C86B800103E3B /* Frameworks */,
				F8D175BD296C86B800103E3B /* Resources */,
			);
			buildRules = (
			);
			dependencies = (
				F8D175C1296C86B800103E3B /* PBXTargetDependency */,
			);
			name = FirstIOSUITests;
			productName = FirstIOSUITests;
			productReference = F8D175BF296C86B800103E3B /* FirstIOSUITests.xctest */;
			productType = "com.apple.product-type.bundle.ui-testing";
		};
/* End PBXNativeTarget section */

/* Begin PBXProject section */
		F8D17597296C86B800103E3B /* Project object */ = {
			isa = PBXProject;
			attributes = {
				BuildIndependentTargetsInParallel = 1;
				LastSwiftUpdateCheck = 1420;
				LastUpgradeCheck = 1420;
				TargetAttributes = {
					F8D1759E296C86B800103E3B = {
						CreatedOnToolsVersion = 14.2;
					};
					F8D175B4296C86B800103E3B = {
						CreatedOnToolsVersion = 14.2;
						TestTargetID = F8D1759E296C86B800103E3B;
					};
					F8D175BE296C86B800103E3B = {
						CreatedOnToolsVersion = 14.2;
						TestTargetID = F8D1759E296C86B800103E3B;
					};
				};
			};
			buildConfigurationList = F8D1759A296C86B800103E3B /* Build configuration list for PBXProject "FirstIOS" */;
			compatibilityVersion = "Xcode 14.0";
			developmentRegion = en;
			hasScannedForEncodings = 0;
			knownRegions = (
				en,
				Base,
			);
			mainGroup = F8D17596296C86B800103E3B;
			productRefGroup = F8D175A0296C86B800103E3B /* Products */;
			projectDirPath = "";
			projectRoot = "";
			targets = (
				F8D1759E296C86B800103E3B /* FirstIOS */,
				F8D175B4296C86B800103E3B /* FirstIOSTests */,
				F8D175BE296C86B800103E3B /* FirstIOSUITests */,
			);
		};
/* End PBXProject section */

/* Begin PBXResourcesBuildPhase section */
		F8D1759D296C86B800103E3B /* Resources */ = {
			isa = PBXResourcesBuildPhase;
			buildActionMask = 2147483647;
			files = (
				F8D175AF296C86B800103E3B /* LaunchScreen.storyboard in Resources */,
				F8D175AC296C86B800103E3B /* Assets.xcassets in Resources */,
				F8D175AA296C86B800103E3B /* Main.storyboard in Resources */,
			);
			runOnlyForDeploymentPostprocessing = 0;
		};
		F8D175B3296C86B800103E3B /* Resources */ = {
			isa = PBXResourcesBuildPhase;
			buildActionMask = 2147483647;
			files = (
			);
			runOnlyForDeploymentPostprocessing = 0;
		};
		F8D175BD296C86B800103E3B /* Resources */ = {
			isa = PBXResourcesBuildPhase;
			buildActionMask = 2147483647;
			files = (
			);
			runOnlyForDeploymentPostprocessing = 0;
		};
/* End PBXResourcesBuildPhase section */

/* Begin PBXSourcesBuildPhase section */
		F8D1759B296C86B800103E3B /* Sources */ = {
			isa = PBXSourcesBuildPhase;
			buildActionMask = 2147483647;
			files = (
				F8D175A7296C86B800103E3B /* ViewController.swift in Sources */,
				F8D175A3296C86B800103E3B /* AppDelegate.swift in Sources */,
				F8D175A5296C86B800103E3B /* SceneDelegate.swift in Sources */,
			);
			runOnlyForDeploymentPostprocessing = 0;
		};
		F8D175B1296C86B800103E3B /* Sources */ = {
			isa = PBXSourcesBuildPhase;
			buildActionMask = 2147483647;
			files = (
				F8D175BA296C86B800103E3B /* FirstIOSTests.swift in Sources */,
			);
			runOnlyForDeploymentPostprocessing = 0;
		};
		F8D175BB296C86B800103E3B /* Sources */ = {
			isa = PBXSourcesBuildPhase;
			buildActionMask = 2147483647;
			files = (
				F8D175C6296C86B800103E3B /* FirstIOSUITestsLaunchTests.swift in Sources */,
				F8D175C4296C86B800103E3B /* FirstIOSUITests.swift in Sources */,
			);
			runOnlyForDeploymentPostprocessing = 0;
		};
/* End PBXSourcesBuildPhase section */

/* Begin PBXTargetDependency section */
		F8D175B7296C86B800103E3B /* PBXTargetDependency */ = {
			isa = PBXTargetDependency;
			target = F8D1759E296C86B800103E3B /* FirstIOS */;
			targetProxy = F8D175B6296C86B800103E3B /* PBXContainerItemProxy */;
		};
		F8D175C1296C86B800103E3B /* PBXTargetDependency */ = {
			isa = PBXTargetDependency;
			target = F8D1759E296C86B800103E3B /* FirstIOS */;
			targetProxy = F8D175C0296C86B800103E3B /* PBXContainerItemProxy */;
		};
/* End PBXTargetDependency section */

/* Begin PBXVariantGroup section */
		F8D175A8296C86B800103E3B /* Main.storyboard */ = {
			isa = PBXVariantGroup;
			children = (
				F8D175A9296C86B800103E3B /* Base */,
			);
			name = Main.storyboard;
			sourceTree = "<group>";
		};
		F8D175AD296C86B800103E3B /* LaunchScreen.storyboard */ = {
			isa = PBXVariantGroup;
			children = (
				F8D175AE296C86B800103E3B /* Base */,
			);
			name = LaunchScreen.storyboard;
			sourceTree = "<group>";
		};
/* End PBXVariantGroup section */

/* Begin XCBuildConfiguration section */
		F8D175C7296C86B800103E3B /* Debug */ = {
			isa = XCBuildConfiguration;
			buildSettings = {
				ALWAYS_SEARCH_USER_PATHS = NO;
				CLANG_ANALYZER_NONNULL = YES;
				CLANG_ANALYZER_NUMBER_OBJECT_CONVERSION = YES_AGGRESSIVE;
				CLANG_CXX_LANGUAGE_STANDARD = "gnu++20";
				CLANG_ENABLE_MODULES = YES;
				CLANG_ENABLE_OBJC_ARC = YES;
				CLANG_ENABLE_OBJC_WEAK = YES;
				CLANG_WARN_BLOCK_CAPTURE_AUTORELEASING = YES;
				CLANG_WARN_BOOL_CONVERSION = YES;
				CLANG_WARN_COMMA = YES;
				CLANG_WARN_CONSTANT_CONVERSION = YES;
				CLANG_WARN_DEPRECATED_OBJC_IMPLEMENTATIONS = YES;
				CLANG_WARN_DIRECT_OBJC_ISA_USAGE = YES_ERROR;
				CLANG_WARN_DOCUMENTATION_COMMENTS = YES;
				CLANG_WARN_EMPTY_BODY = YES;
				CLANG_WARN_ENUM_CONVERSION = YES;
				CLANG_WARN_INFINITE_RECURSION = YES;
				CLANG_WARN_INT_CONVERSION = YES;
				CLANG_WARN_NON_LITERAL_NULL_CONVERSION = YES;
				CLANG_WARN_OBJC_IMPLICIT_RETAIN_SELF = YES;
				CLANG_WARN_OBJC_LITERAL_CONVERSION = YES;
				CLANG_WARN_OBJC_ROOT_CLASS = YES_ERROR;
				CLANG_WARN_QUOTED_INCLUDE_IN_FRAMEWORK_HEADER = YES;
				CLANG_WARN_RANGE_LOOP_ANALYSIS = YES;
				CLANG_WARN_STRICT_PROTOTYPES = YES;
				CLANG_WARN_SUSPICIOUS_MOVE = YES;
				CLANG_WARN_UNGUARDED_AVAILABILITY = YES_AGGRESSIVE;
				CLANG_WARN_UNREACHABLE_CODE = YES;
				CLANG_WARN__DUPLICATE_METHOD_MATCH = YES;
				COPY_PHASE_STRIP = NO;
				DEBUG_INFORMATION_FORMAT = dwarf;
				ENABLE_STRICT_OBJC_MSGSEND = YES;
				ENABLE_TESTABILITY = YES;
				GCC_C_LANGUAGE_STANDARD = gnu11;
				GCC_DYNAMIC_NO_PIC = NO;
				GCC_NO_COMMON_BLOCKS = YES;
				GCC_OPTIMIZATION_LEVEL = 0;
				GCC_PREPROCESSOR_DEFINITIONS = (
					"DEBUG=1",
					"$(inherited)",
				);
				GCC_WARN_64_TO_32_BIT_CONVERSION = YES;
				GCC_WARN_ABOUT_RETURN_TYPE = YES_ERROR;
				GCC_WARN_UNDECLARED_SELECTOR = YES;
				GCC_WARN_UNINITIALIZED_AUTOS = YES_AGGRESSIVE;
				GCC_WARN_UNUSED_FUNCTION = YES;
				GCC_WARN_UNUSED_VARIABLE = YES;
				IPHONEOS_DEPLOYMENT_TARGET = 16.2;
				MTL_ENABLE_DEBUG_INFO = INCLUDE_SOURCE;
				MTL_FAST_MATH = YES;
				ONLY_ACTIVE_ARCH = YES;
				SDKROOT = iphoneos;
				SWIFT_ACTIVE_COMPILATION_CONDITIONS = DEBUG;
				SWIFT_OPTIMIZATION_LEVEL = "-Onone";
			};
			name = Debug;
		};
		F8D175C8296C86B800103E3B /* Release */ = {
			isa = XCBuildConfiguration;
			buildSettings = {
				ALWAYS_SEARCH_USER_PATHS = NO;
				CLANG_ANALYZER_NONNULL = YES;
				CLANG_ANALYZER_NUMBER_OBJECT_CONVERSION = YES_AGGRESSIVE;
				CLANG_CXX_LANGUAGE_STANDARD = "gnu++20";
				CLANG_ENABLE_MODULES = YES;
				CLANG_ENABLE_OBJC_ARC = YES;
				CLANG_ENABLE_OBJC_WEAK = YES;
				CLANG_WARN_BLOCK_CAPTURE_AUTORELEASING = YES;
				CLANG_WARN_BOOL_CONVERSION = YES;
				CLANG_WARN_COMMA = YES;
				CLANG_WARN_CONSTANT_CONVERSION = YES;
				CLANG_WARN_DEPRECATED_OBJC_IMPLEMENTATIONS = YES;
				CLANG_WARN_DIRECT_OBJC_ISA_USAGE = YES_ERROR;
				CLANG_WARN_DOCUMENTATION_COMMENTS = YES;
				CLANG_WARN_EMPTY_BODY = YES;
				CLANG_WARN_ENUM_CONVERSION = YES;
				CLANG_WARN_INFINITE_RECURSION = YES;
				CLANG_WARN_INT_CONVERSION = YES;
				CLANG_WARN_NON_LITERAL_NULL_CONVERSION = YES;
				CLANG_WARN_OBJC_IMPLICIT_RETAIN_SELF = YES;
				CLANG_WARN_OBJC_LITERAL_CONVERSION = YES;
				CLANG_WARN_OBJC_ROOT_CLASS = YES_ERROR;
				CLANG_WARN_QUOTED_INCLUDE_IN_FRAMEWORK_HEADER = YES;
				CLANG_WARN_RANGE_LOOP_ANALYSIS = YES;
				CLANG_WARN_STRICT_PROTOTYPES = YES;
				CLANG_WARN_SUSPICIOUS_MOVE = YES;
				CLANG_WARN_UNGUARDED_AVAILABILITY = YES_AGGRESSIVE;
				CLANG_WARN_UNREACHABLE_CODE = YES;
				CLANG_WARN__DUPLICATE_METHOD_MATCH = YES;
				COPY_PHASE_STRIP = NO;
				DEBUG_INFORMATION_FORMAT = "dwarf-with-dsym";
				ENABLE_NS_ASSERTIONS = NO;
				ENABLE_STRICT_OBJC_MSGSEND = YES;
				GCC_C_LANGUAGE_STANDARD = gnu11;
				GCC_NO_COMMON_BLOCKS = YES;
				GCC_WARN_64_TO_32_BIT_CONVERSION = YES;
				GCC_WARN_ABOUT_RETURN_TYPE = YES_ERROR;
				GCC_WARN_UNDECLARED_SELECTOR = YES;
				GCC_WARN_UNINITIALIZED_AUTOS = YES_AGGRESSIVE;
				GCC_WARN_UNUSED_FUNCTION = YES;
				GCC_WARN_UNUSED_VARIABLE = YES;
				IPHONEOS_DEPLOYMENT_TARGET = 16.2;
				MTL_ENABLE_DEBUG_INFO = NO;
				MTL_FAST_MATH = YES;
				SDKROOT = iphoneos;
				SWIFT_COMPILATION_MODE = wholemodule;
				SWIFT_OPTIMIZATION_LEVEL = "-O";
				VALIDATE_PRODUCT = YES;
			};
			name = Release;
		};
		F8D175CA296C86B800103E3B /* Debug */ = {
			isa = XCBuildConfiguration;
			buildSettings = {
				ASSETCATALOG_COMPILER_APPICON_NAME = AppIcon;
				ASSETCATALOG_COMPILER_GLOBAL_ACCENT_COLOR_NAME = AccentColor;
				CODE_SIGN_STYLE = Automatic;
				CURRENT_PROJECT_VERSION = 1;
				GENERATE_INFOPLIST_FILE = YES;
				INFOPLIST_FILE = FirstIOS/Info.plist;
				INFOPLIST_KEY_UIApplicationSupportsIndirectInputEvents = YES;
				INFOPLIST_KEY_UILaunchStoryboardName = LaunchScreen;
				INFOPLIST_KEY_UIMainStoryboardFile = Main;
				INFOPLIST_KEY_UISupportedInterfaceOrientations_iPad = "UIInterfaceOrientationPortrait UIInterfaceOrientationPortraitUpsideDown UIInterfaceOrientationLandscapeLeft UIInterfaceOrientationLandscapeRight";
				INFOPLIST_KEY_UISupportedInterfaceOrientations_iPhone = "UIInterfaceOrientationPortrait UIInterfaceOrientationLandscapeLeft UIInterfaceOrientationLandscapeRight";
				LD_RUNPATH_SEARCH_PATHS = (
					"$(inherited)",
					"@executable_path/Frameworks",
				);
				MARKETING_VERSION = 1.0;
				PRODUCT_BUNDLE_IDENTIFIER = create.FirstIOS;
				PRODUCT_NAME = "$(TARGET_NAME)";
				SWIFT_EMIT_LOC_STRINGS = YES;
				SWIFT_VERSION = 5.0;
				TARGETED_DEVICE_FAMILY = "1,2";
			};
			name = Debug;
		};
		F8D175CB296C86B800103E3B /* Release */ = {
			isa = XCBuildConfiguration;
			buildSettings = {
				ASSETCATALOG_COMPILER_APPICON_NAME = AppIcon;
				ASSETCATALOG_COMPILER_GLOBAL_ACCENT_COLOR_NAME = AccentColor;
				CODE_SIGN_STYLE = Automatic;
				CURRENT_PROJECT_VERSION = 1;
				GENERATE_INFOPLIST_FILE = YES;
				INFOPLIST_FILE = FirstIOS/Info.plist;
				INFOPLIST_KEY_UIApplicationSupportsIndirectInputEvents = YES;
				INFOPLIST_KEY_UILaunchStoryboardName = LaunchScreen;
				INFOPLIST_KEY_UIMainStoryboardFile = Main;
				INFOPLIST_KEY_UISupportedInterfaceOrientations_iPad = "UIInterfaceOrientationPortrait UIInterfaceOrientationPortraitUpsideDown UIInterfaceOrientationLandscapeLeft UIInterfaceOrientationLandscapeRight";
				INFOPLIST_KEY_UISupportedInterfaceOrientations_iPhone = "UIInterfaceOrientationPortrait UIInterfaceOrientationLandscapeLeft UIInterfaceOrientationLandscapeRight";
				LD_RUNPATH_SEARCH_PATHS = (
					"$(inherited)",
					"@executable_path/Frameworks",
				);
				MARKETING_VERSION = 1.0;
				PRODUCT_BUNDLE_IDENTIFIER = create.FirstIOS;
				PRODUCT_NAME = "$(TARGET_NAME)";
				SWIFT_EMIT_LOC_STRINGS = YES;
				SWIFT_VERSION = 5.0;
				TARGETED_DEVICE_FAMILY = "1,2";
			};
			name = Release;
		};
		F8D175CD296C86B800103E3B /* Debug */ = {
			isa = XCBuildConfiguration;
			buildSettings = {
				ALWAYS_EMBED_SWIFT_STANDARD_LIBRARIES = YES;
				BUNDLE_LOADER = "$(TEST_HOST)";
				CODE_SIGN_STYLE = Automatic;
				CURRENT_PROJECT_VERSION = 1;
				GENERATE_INFOPLIST_FILE = YES;
				IPHONEOS_DEPLOYMENT_TARGET = 16.2;
				MARKETING_VERSION = 1.0;
				PRODUCT_BUNDLE_IDENTIFIER = create.FirstIOSTests;
				PRODUCT_NAME = "$(TARGET_NAME)";
				SWIFT_EMIT_LOC_STRINGS = NO;
				SWIFT_VERSION = 5.0;
				TARGETED_DEVICE_FAMILY = "1,2";
				TEST_HOST = "$(BUILT_PRODUCTS_DIR)/FirstIOS.app/$(BUNDLE_EXECUTABLE_FOLDER_PATH)/FirstIOS";
			};
			name = Debug;
		};
		F8D175CE296C86B800103E3B /* Release */ = {
			isa = XCBuildConfiguration;
			buildSettings = {
				ALWAYS_EMBED_SWIFT_STANDARD_LIBRARIES = YES;
				BUNDLE_LOADER = "$(TEST_HOST)";
				CODE_SIGN_STYLE = Automatic;
				CURRENT_PROJECT_VERSION = 1;
				GENERATE_INFOPLIST_FILE = YES;
				IPHONEOS_DEPLOYMENT_TARGET = 16.2;
				MARKETING_VERSION = 1.0;
				PRODUCT_BUNDLE_IDENTIFIER = create.FirstIOSTests;
				PRODUCT_NAME = "$(TARGET_NAME)";
				SWIFT_EMIT_LOC_STRINGS = NO;
				SWIFT_VERSION = 5.0;
				TARGETED_DEVICE_FAMILY = "1,2";
				TEST_HOST = "$(BUILT_PRODUCTS_DIR)/FirstIOS.app/$(BUNDLE_EXECUTABLE_FOLDER_PATH)/FirstIOS";
			};
			name = Release;
		};
		F8D175D0296C86B800103E3B /* Debug */ = {
			isa = XCBuildConfiguration;
			buildSettings = {
				ALWAYS_EMBED_SWIFT_STANDARD_LIBRARIES = YES;
				CODE_SIGN_STYLE = Automatic;
				CURRENT_PROJECT_VERSION = 1;
				GENERATE_INFOPLIST_FILE = YES;
				MARKETING_VERSION = 1.0;
				PRODUCT_BUNDLE_IDENTIFIER = create.FirstIOSUITests;
				PRODUCT_NAME = "$(TARGET_NAME)";
				SWIFT_EMIT_LOC_STRINGS = NO;
				SWIFT_VERSION = 5.0;
				TARGETED_DEVICE_FAMILY = "1,2";
				TEST_TARGET_NAME = FirstIOS;
			};
			name = Debug;
		};
		F8D175D1296C86B800103E3B /* Release */ = {
			isa = XCBuildConfiguration;
			buildSettings = {
				ALWAYS_EMBED_SWIFT_STANDARD_LIBRARIES = YES;
				CODE_SIGN_STYLE = Automatic;
				CURRENT_PROJECT_VERSION = 1;
				GENERATE_INFOPLIST_FILE = YES;
				MARKETING_VERSION = 1.0;
				PRODUCT_BUNDLE_IDENTIFIER = create.FirstIOSUITests;
				PRODUCT_NAME = "$(TARGET_NAME)";
				SWIFT_EMIT_LOC_STRINGS = NO;
				SWIFT_VERSION = 5.0;
				TARGETED_DEVICE_FAMILY = "1,2";
				TEST_TARGET_NAME = FirstIOS;
			};
			name = Release;
		};
/* End XCBuildConfiguration section */

/* Begin XCConfigurationList section */
		F8D1759A296C86B800103E3B /* Build configuration list for PBXProject "FirstIOS" */ = {
			isa = XCConfigurationList;
			buildConfigurations = (
				F8D175C7296C86B800103E3B /* Debug */,
				F8D175C8296C86B800103E3B /* Release */,
			);
			defaultConfigurationIsVisible = 0;
			defaultConfigurationName = Release;
		};
		F8D175C9296C86B800103E3B /* Build configuration list for PBXNativeTarget "FirstIOS" */ = {
			isa = XCConfigurationList;
			buildConfigurations = (
				F8D175CA296C86B800103E3B /* Debug */,
				F8D175CB296C86B800103E3B /* Release */,
			);
			defaultConfigurationIsVisible = 0;
			defaultConfigurationName = Release;
		};
		F8D175CC296C86B800103E3B /* Build configuration list for PBXNativeTarget "FirstIOSTests" */ = {
			isa = XCConfigurationList;
			buildConfigurations = (
				F8D175CD296C86B800103E3B /* Debug */,
				F8D175CE296C86B800103E3B /* Release */,
			);
			defaultConfigurationIsVisible = 0;
			defaultConfigurationName = Release;
		};
		F8D175CF296C86B800103E3B /* Build configuration list for PBXNativeTarget "FirstIOSUITests" */ = {
			isa = XCConfigurationList;
			buildConfigurations = (
				F8D175D0296C86B800103E3B /* Debug */,
				F8D175D1296C86B800103E3B /* Release */,
			);
			defaultConfigurationIsVisible = 0;
			defaultConfigurationName = Release;
		};
/* End XCConfigurationList section */
	};
	rootObject = F8D17597296C86B800103E3B /* Project object */;
}
